{
  "name": "frontend",
  "version": "1.0.0",
  "lockfileVersion": 3,
  "requires": true,
  "packages": {
    "": {
      "name": "frontend",
      "version": "1.0.0",
      "license": "ISC",
      "dependencies": {
        "jquery": "^3.6.0",
        "layui": "^2.8.18"
      }
    },
    "node_modules/jquery": {
      "version": "3.6.0",
      "resolved": "https://registry.npmjs.org/jquery/-/jquery-3.6.0.tgz",
      "integrity": "sha512-JVzAR/AjBvVt2BmYhxRCSYysDsPcssdmTFnzyLEts9qNwmjmu4JTAMYubEfwVOSwpQ1I1sKKFcxhZCI2buerfw==",
      "license": "MIT"
    },
    "node_modules/layui": {
      "version": "2.11.4",
      "resolved": "https://registry.npmjs.org/layui/-/layui-2.11.4.tgz",
      "integrity": "sha512-GVbSs30KIaNEBfd22SzhOBjKL5ZazR1wmRRUxHzDiha7wQqxr+CSblVXb2jl+1O0BUTJKfvAhMS7+764WgJScQ==",
      "license": "MIT"
    }
  }
}
